
Microsoft Visual Studio Solution File, Format Version 12.00
# Visual Studio Version 16
VisualStudioVersion = 16.0.30320.27
MinimumVisualStudioVersion = 10.0.40219.1
Project("{FAE04EC0-301F-11D3-BF4B-00C04F79EFBC}") = "LandmarkAi", "LandmarkAi.csproj", "{B12FD429-B37D-43BE-BA4C-E2C2F0066E7B}"
EndProject
Global
	GlobalSection(SolutionConfigurationPlatforms) = preSolution
		Debug|Any CPU = Debug|Any CPU
		Release|Any CPU = Release|Any CPU
	EndGlobalSection
	GlobalSection(ProjectConfigurationPlatforms) = postSolution
		{B12FD429-B37D-43BE-BA4C-E2C2F0066E7B}.Debug|Any CPU.ActiveCfg = Debug|Any CPU
		{B12FD429-B37D-43BE-BA4C-E2C2F0066E7B}.Debug|Any CPU.Build.0 = Debug|Any CPU
		{B12FD429-B37D-43BE-BA4C-E2C2F0066E7B}.Release|Any CPU.ActiveCfg = Release|Any CPU
		{B12FD429-B37D-43BE-BA4C-E2C2F0066E7B}.Release|Any CPU.Build.0 = Release|Any CPU
	EndGlobalSection
	GlobalSection(SolutionProperties) = preSolution
		HideSolutionNode = FALSE
	EndGlobalSection
	GlobalSection(ExtensibilityGlobals) = postSolution
		SolutionGuid = {DB7BACBE-DA62-456C-8CAB-CABBF3D1C100}
	EndGlobalSection
EndGlobal
